
Microsoft Visual Studio Solution File, Format Version 12.00
# Visual Studio 15
VisualStudioVersion = 15.0.27703.2035
MinimumVisualStudioVersion = 10.0.40219.1
Project("{FAE04EC0-301F-11D3-BF4B-00C04F79EFBC}") = "RegenerativeDistributedCache", "RegenerativeDistributedCache\RegenerativeDistributedCache.csproj", "{49F7B8F8-3B1B-49F3-B9DE-64C3A85AE560}"
EndProject
Project("{FAE04EC0-301F-11D3-BF4B-00C04F79EFBC}") = "RegenerativeDistributedCache.Tests", "RegenerativeDistributedCache.Tests\RegenerativeDistributedCache.Tests.csproj", "{417146F0-8FE7-46BD-96C3-9A254ACC34E2}"
EndProject
Project("{2150E333-8FDC-42A3-9474-1A3956D46DE8}") = "SolutionItems", "SolutionItems", "{F4918DC2-2BAC-4003-BEC9-9CC7DA594343}"
	ProjectSection(SolutionItems) = preProject
		LICENSE = LICENSE
		README.md = README.md
	EndProjectSection
EndProject
Project("{FAE04EC0-301F-11D3-BF4B-00C04F79EFBC}") = "RegenerativeDistributedCache.Redis", "RegenerativeDistributedCache.Redis\RegenerativeDistributedCache.Redis.csproj", "{75ED6B80-D619-4C69-B860-20502C0E3265}"
EndProject
Global
	GlobalSection(SolutionConfigurationPlatforms) = preSolution
		Debug|Any CPU = Debug|Any CPU
		Release|Any CPU = Release|Any CPU
	EndGlobalSection
	GlobalSection(ProjectConfigurationPlatforms) = postSolution
		{49F7B8F8-3B1B-49F3-B9DE-64C3A85AE560}.Debug|Any CPU.ActiveCfg = Debug|Any CPU
		{49F7B8F8-3B1B-49F3-B9DE-64C3A85AE560}.Debug|Any CPU.Build.0 = Debug|Any CPU
		{49F7B8F8-3B1B-49F3-B9DE-64C3A85AE560}.Release|Any CPU.ActiveCfg = Release|Any CPU
		{49F7B8F8-3B1B-49F3-B9DE-64C3A85AE560}.Release|Any CPU.Build.0 = Release|Any CPU
		{417146F0-8FE7-46BD-96C3-9A254ACC34E2}.Debug|Any CPU.ActiveCfg = Debug|Any CPU
		{417146F0-8FE7-46BD-96C3-9A254ACC34E2}.Debug|Any CPU.Build.0 = Debug|Any CPU
		{417146F0-8FE7-46BD-96C3-9A254ACC34E2}.Release|Any CPU.ActiveCfg = Release|Any CPU
		{417146F0-8FE7-46BD-96C3-9A254ACC34E2}.Release|Any CPU.Build.0 = Release|Any CPU
		{75ED6B80-D619-4C69-B860-20502C0E3265}.Debug|Any CPU.ActiveCfg = Debug|Any CPU
		{75ED6B80-D619-4C69-B860-20502C0E3265}.Debug|Any CPU.Build.0 = Debug|Any CPU
		{75ED6B80-D619-4C69-B860-20502C0E3265}.Release|Any CPU.ActiveCfg = Release|Any CPU
		{75ED6B80-D619-4C69-B860-20502C0E3265}.Release|Any CPU.Build.0 = Release|Any CPU
	EndGlobalSection
	GlobalSection(SolutionProperties) = preSolution
		HideSolutionNode = FALSE
	EndGlobalSection
	GlobalSection(ExtensibilityGlobals) = postSolution
		SolutionGuid = {EB7EA8E3-8065-455E-BF48-BE2746337E50}
	EndGlobalSection
EndGlobal
